{
  "lockfile_version": "1",
  "packages": {
    "darwin.apple_sdk.frameworks.Security": {
      "resolved": "github:NixOS/nixpkgs/75a52265bda7fd25e06e3a67dee3f0354e73243c#darwin.apple_sdk.frameworks.Security",
      "source": "nixpkg",
      "systems": {
        "aarch64-darwin": {
          "outputs": [
            {
              "path": "/nix/store/9jbhn62ld50znjqxll0q5gq9i4disc1s-apple-framework-Security-11.0.0",
              "default": true
            }
          ]
        }
      }
    },
    "libiconv@latest": {
      "last_modified": "2024-12-03T12:40:06Z",
      "resolved": "github:NixOS/nixpkgs/566e53c2ad750c84f6d31f9ccb9d00f823165550#libiconv",
      "source": "devbox-search",
      "version": "2.40",
      "systems": {
        "aarch64-darwin": {
          "outputs": [
            {
              "path": "/nix/store/dka6i6yj8sgws93wc6m0lmqzhk21kq87-libiconv-107",
              "default": true
            }
          ]
        },
        "aarch64-linux": {
          "outputs": [
            {
              "name": "out",
              "path": "/nix/store/vmj98hrwfjba7rsqml99gvv7ad0x2a4x-glibc-iconv-2.40",
              "default": true
            }
          ],
          "store_path": "/nix/store/vmj98hrwfjba7rsqml99gvv7ad0x2a4x-glibc-iconv-2.40"
        },
        "x86_64-linux": {
          "outputs": [
            {
              "name": "out",
              "path": "/nix/store/al7p4vfb2hw0y273mqm3cglgkfhfiqs1-glibc-iconv-2.40",
              "default": true
            }
          ],
          "store_path": "/nix/store/al7p4vfb2hw0y273mqm3cglgkfhfiqs1-glibc-iconv-2.40"
        }
      }
    },
    "nodejs@18": {
      "last_modified": "2024-12-03T12:40:06Z",
      "plugin_version": "0.0.2",
      "resolved": "github:NixOS/nixpkgs/566e53c2ad750c84f6d31f9ccb9d00f823165550#nodejs_18",
      "source": "devbox-search",
      "version": "18.20.5",
      "systems": {
        "aarch64-darwin": {
          "outputs": [
            {
              "name": "out",
              "path": "/nix/store/6dlw5588gs7whckfx2l0iyd8xi4gklq6-nodejs-18.20.5",
              "default": true
            },
            {
              "name": "libv8",
              "path": "/nix/store/a40q0j0m27m1dxy9i94accm5zaknpx2k-nodejs-18.20.5-libv8"
            }
          ],
          "store_path": "/nix/store/6dlw5588gs7whckfx2l0iyd8xi4gklq6-nodejs-18.20.5"
        },
        "aarch64-linux": {
          "outputs": [
            {
              "name": "out",
              "path": "/nix/store/x07wndwyr9f6xhk6rk7iq5rn2qbw4d3y-nodejs-18.20.5",
              "default": true
            },
            {
              "name": "libv8",
              "path": "/nix/store/1plafrvq3c9vhdwilizkfl1wff0n5n6h-nodejs-18.20.5-libv8"
            }
          ],
          "store_path": "/nix/store/x07wndwyr9f6xhk6rk7iq5rn2qbw4d3y-nodejs-18.20.5"
        },
        "x86_64-darwin": {
          "outputs": [
            {
              "name": "out",
              "path": "/nix/store/211dnaznay3942xf2gykgshcflcsr4f8-nodejs-18.20.5",
              "default": true
            },
            {
              "name": "libv8",
              "path": "/nix/store/cc6k5wryplskfs7bbmcnzwvv2c3nh219-nodejs-18.20.5-libv8"
            }
          ],
          "store_path": "/nix/store/211dnaznay3942xf2gykgshcflcsr4f8-nodejs-18.20.5"
        },
        "x86_64-linux": {
          "outputs": [
            {
              "name": "out",
              "path": "/nix/store/nmmgwk1a0cakhmhwgf1v2b5ws3zf899h-nodejs-18.20.5",
              "default": true
            },
            {
              "name": "libv8",
              "path": "/nix/store/3kp2j4w0k9cb7r29wq2iv8kyp7hw1dqs-nodejs-18.20.5-libv8"
            }
          ],
          "store_path": "/nix/store/nmmgwk1a0cakhmhwgf1v2b5ws3zf899h-nodejs-18.20.5"
        }
      }
    },
    "pnpm@9.15.0": {
      "last_modified": "2024-12-08T11:15:23Z",
      "resolved": "github:NixOS/nixpkgs/93dc9803a1ee435e590b02cde9589038d5cc3a4e#pnpm",
      "source": "devbox-search",
      "version": "9.15.0",
      "systems": {
        "aarch64-darwin": {
          "outputs": [
            {
              "name": "out",
              "path": "/nix/store/rxzyv00jks0r6vbgdj02n6h1x6fg3vz0-pnpm-9.15.0",
              "default": true
            }
          ],
          "store_path": "/nix/store/rxzyv00jks0r6vbgdj02n6h1x6fg3vz0-pnpm-9.15.0"
        },
        "aarch64-linux": {
          "outputs": [
            {
              "name": "out",
              "path": "/nix/store/x82c8bxyxrxbr6ambki8i7s9z0yvgjfv-pnpm-9.15.0",
              "default": true
            }
          ],
          "store_path": "/nix/store/x82c8bxyxrxbr6ambki8i7s9z0yvgjfv-pnpm-9.15.0"
        },
        "x86_64-darwin": {
          "outputs": [
            {
              "name": "out",
              "path": "/nix/store/hiaxj1yqwpkmh8fvl0z8cg2vdy8bfrsn-pnpm-9.15.0",
              "default": true
            }
          ],
          "store_path": "/nix/store/hiaxj1yqwpkmh8fvl0z8cg2vdy8bfrsn-pnpm-9.15.0"
        },
        "x86_64-linux": {
          "outputs": [
            {
              "name": "out",
              "path": "/nix/store/z8s3r4vwf4r26g2d7shnw5lva6ihim8f-pnpm-9.15.0",
              "default": true
            }
          ],
          "store_path": "/nix/store/z8s3r4vwf4r26g2d7shnw5lva6ihim8f-pnpm-9.15.0"
        }
      }
    }
  }
}
